# generated by rye
# use `rye lock` or `rye sync` to update this lockfile
#
# last locked with the following flags:
#   pre: false
#   features: []
#   all-features: false
#   with-sources: false
#   generate-hashes: false
#   universal: false

-e file:.
-e file:plugins/hatch
click==8.1.7
    # via typer
dataclasses-json==0.6.7
    # via una
editables==0.5
    # via hatchling
hatchling==1.21.1
    # via hatch-una
markdown-it-py==3.0.0
    # via rich
marshmallow==3.21.3
    # via dataclasses-json
mdurl==0.1.2
    # via markdown-it-py
mypy-extensions==1.0.0
    # via typing-inspect
packaging==24.1
    # via hatchling
    # via marshmallow
pathspec==0.12.1
    # via hatchling
pluggy==1.5.0
    # via hatchling
pygments==2.18.0
    # via rich
rich==13.7.1
    # via typer
    # via una
shellingham==1.5.4
    # via typer
tomlkit==0.13.0
    # via una
trove-classifiers==2024.7.2
    # via hatchling
typer==0.12.3
    # via una
typing-extensions==4.12.2
    # via typer
    # via typing-inspect
typing-inspect==0.9.0
    # via dataclasses-json
