# generated by rye
# use `rye lock` or `rye sync` to update this lockfile
#
# last locked with the following flags:
#   pre: false
#   features: []
#   all-features: false
#   with-sources: false
#   generate-hashes: false
#   universal: false

-e file:.
-e file:plugins/hatch
babel==2.16.0
    # via mkdocs-material
basedpyright==1.15.2
certifi==2024.7.4
    # via requests
charset-normalizer==3.3.2
    # via requests
click==8.1.7
    # via mkdocs
    # via typer
colorama==0.4.6
    # via mkdocs-material
dataclasses-json==0.6.7
    # via una
editables==0.5
    # via hatchling
ghp-import==2.1.0
    # via mkdocs
hatchling==1.21.1
    # via hatch-una
idna==3.7
    # via requests
iniconfig==2.0.0
    # via pytest
jinja2==3.1.4
    # via mkdocs
    # via mkdocs-material
markdown==3.6
    # via mkdocs
    # via mkdocs-material
    # via pymdown-extensions
markdown-it-py==3.0.0
    # via rich
markupsafe==2.1.5
    # via jinja2
    # via mkdocs
marshmallow==3.21.3
    # via dataclasses-json
mdurl==0.1.2
    # via markdown-it-py
mergedeep==1.3.4
    # via mkdocs
    # via mkdocs-get-deps
mkdocs==1.6.0
    # via mkdocs-material
mkdocs-get-deps==0.2.0
    # via mkdocs
mkdocs-material==9.5.31
mkdocs-material-extensions==1.3.1
    # via mkdocs-material
mypy-extensions==1.0.0
    # via typing-inspect
nodejs-wheel-binaries==20.16.0
    # via basedpyright
packaging==24.1
    # via hatchling
    # via marshmallow
    # via mkdocs
    # via pytest
paginate==0.5.6
    # via mkdocs-material
pathspec==0.12.1
    # via hatchling
    # via mkdocs
platformdirs==4.2.2
    # via mkdocs-get-deps
pluggy==1.5.0
    # via hatchling
    # via pytest
pygments==2.18.0
    # via mkdocs-material
    # via rich
pymdown-extensions==10.9
    # via mkdocs-material
pytest==8.3.1
python-dateutil==2.9.0.post0
    # via ghp-import
pyyaml==6.0.2
    # via mkdocs
    # via mkdocs-get-deps
    # via pymdown-extensions
    # via pyyaml-env-tag
pyyaml-env-tag==0.1
    # via mkdocs
regex==2024.7.24
    # via mkdocs-material
requests==2.32.3
    # via mkdocs-material
rich==13.7.1
    # via typer
    # via una
shellingham==1.5.4
    # via typer
six==1.16.0
    # via python-dateutil
tomlkit==0.13.0
    # via una
trove-classifiers==2024.7.2
    # via hatchling
typer==0.12.3
    # via una
typing-extensions==4.12.2
    # via typer
    # via typing-inspect
typing-inspect==0.9.0
    # via dataclasses-json
urllib3==2.2.2
    # via requests
watchdog==4.0.2
    # via mkdocs
